
Microsoft Visual Studio Solution File, Format Version 12.00
# Visual Studio Version 16
VisualStudioVersion = 16.0.31129.286
MinimumVisualStudioVersion = 10.0.40219.1
Project("{FAE04EC0-301F-11D3-BF4B-00C04F79EFBC}") = "BlazorServerAppAgain", "BlazorServerAppAgain.csproj", "{334DD34F-95AF-4532-950F-B0CBF4BE9E15}"
EndProject
Global
	GlobalSection(SolutionConfigurationPlatforms) = preSolution
		Debug|Any CPU = Debug|Any CPU
		Release|Any CPU = Release|Any CPU
	EndGlobalSection
	GlobalSection(ProjectConfigurationPlatforms) = postSolution
		{334DD34F-95AF-4532-950F-B0CBF4BE9E15}.Debug|Any CPU.ActiveCfg = Debug|Any CPU
		{334DD34F-95AF-4532-950F-B0CBF4BE9E15}.Debug|Any CPU.Build.0 = Debug|Any CPU
		{334DD34F-95AF-4532-950F-B0CBF4BE9E15}.Release|Any CPU.ActiveCfg = Release|Any CPU
		{334DD34F-95AF-4532-950F-B0CBF4BE9E15}.Release|Any CPU.Build.0 = Release|Any CPU
	EndGlobalSection
	GlobalSection(SolutionProperties) = preSolution
		HideSolutionNode = FALSE
	EndGlobalSection
	GlobalSection(ExtensibilityGlobals) = postSolution
		SolutionGuid = {5F01050A-972F-448F-B12C-053B0DF522D3}
	EndGlobalSection
EndGlobal
